// !$*UTF8*$!
{
	archiveVersion = 1;
	classes = {
	};
	objectVersion = 55;
	objects = {

/* Begin PBXBuildFile section */
		1C269F97284DADF8007D2ED7 /* PokemonViewController.swift in Sources */ = {isa = PBXBuildFile; fileRef = 1C269F96284DADF8007D2ED7 /* PokemonViewController.swift */; };
		1CB8E403284DA5E900474379 /* AppDelegate.swift in Sources */ = {isa = PBXBuildFile; fileRef = 1CB8E402284DA5E900474379 /* AppDelegate.swift */; };
		1CB8E405284DA5E900474379 /* SceneDelegate.swift in Sources */ = {isa = PBXBuildFile; fileRef = 1CB8E404284DA5E900474379 /* SceneDelegate.swift */; };
		1CB8E407284DA5E900474379 /* ViewController.swift in Sources */ = {isa = PBXBuildFile; fileRef = 1CB8E406284DA5E900474379 /* ViewController.swift */; };
		1CB8E40A284DA5E900474379 /* Main.storyboard in Resources */ = {isa = PBXBuildFile; fileRef = 1CB8E408284DA5E900474379 /* Main.storyboard */; };
		1CB8E40C284DA5EB00474379 /* Assets.xcassets in Resources */ = {isa = PBXBuildFile; fileRef = 1CB8E40B284DA5EB00474379 /* Assets.xcassets */; };
		1CB8E40F284DA5EB00474379 /* LaunchScreen.storyboard in Resources */ = {isa = PBXBuildFile; fileRef = 1CB8E40D284DA5EB00474379 /* LaunchScreen.storyboard */; };
		1CB8E41A284DA5EB00474379 /* PokedexTests.swift in Sources */ = {isa = PBXBuildFile; fileRef = 1CB8E419284DA5EB00474379 /* PokedexTests.swift */; };
		1CB8E424284DA5EC00474379 /* PokedexUITests.swift in Sources */ = {isa = PBXBuildFile; fileRef = 1CB8E423284DA5EC00474379 /* PokedexUITests.swift */; };
		1CB8E426284DA5EC00474379 /* PokedexUITestsLaunchTests.swift in Sources */ = {isa = PBXBuildFile; fileRef = 1CB8E425284DA5EC00474379 /* PokedexUITestsLaunchTests.swift */; };
		1CB8E434284DA7C600474379 /* Pekemon.swift in Sources */ = {isa = PBXBuildFile; fileRef = 1CB8E433284DA7C600474379 /* Pekemon.swift */; };
/* End PBXBuildFile section */

/* Begin PBXContainerItemProxy section */
		1CB8E416284DA5EB00474379 /* PBXContainerItemProxy */ = {
			isa = PBXContainerItemProxy;
			containerPortal = 1CB8E3F7284DA5E900474379 /* Project object */;
			proxyType = 1;
			remoteGlobalIDString = 1CB8E3FE284DA5E900474379;
			remoteInfo = Pokedex;
		};
		1CB8E420284DA5EC00474379 /* PBXContainerItemProxy */ = {
			isa = PBXContainerItemProxy;
			containerPortal = 1CB8E3F7284DA5E900474379 /* Project object */;
			proxyType = 1;
			remoteGlobalIDString = 1CB8E3FE284DA5E900474379;
			remoteInfo = Pokedex;
		};
/* End PBXContainerItemProxy section */

/* Begin PBXFileReference section */
		1C269F96284DADF8007D2ED7 /* PokemonViewController.swift */ = {isa = PBXFileReference; lastKnownFileType = sourcecode.swift; path = PokemonViewController.swift; sourceTree = "<group>"; };
		1CB8E3FF284DA5E900474379 /* Pokedex.app */ = {isa = PBXFileReference; explicitFileType = wrapper.application; includeInIndex = 0; path = Pokedex.app; sourceTree = BUILT_PRODUCTS_DIR; };
		1CB8E402284DA5E900474379 /* AppDelegate.swift */ = {isa = PBXFileReference; lastKnownFileType = sourcecode.swift; path = AppDelegate.swift; sourceTree = "<group>"; };
		1CB8E404284DA5E900474379 /* SceneDelegate.swift */ = {isa = PBXFileReference; lastKnownFileType = sourcecode.swift; path = SceneDelegate.swift; sourceTree = "<group>"; };
		1CB8E406284DA5E900474379 /* ViewController.swift */ = {isa = PBXFileReference; lastKnownFileType = sourcecode.swift; path = ViewController.swift; sourceTree = "<group>"; };
		1CB8E409284DA5E900474379 /* Base */ = {isa = PBXFileReference; lastKnownFileType = file.storyboard; name = Base; path = Base.lproj/Main.storyboard; sourceTree = "<group>"; };
		1CB8E40B284DA5EB00474379 /* Assets.xcassets */ = {isa = PBXFileReference; lastKnownFileType = folder.assetcatalog; path = Assets.xcassets; sourceTree = "<group>"; };
		1CB8E40E284DA5EB00474379 /* Base */ = {isa = PBXFileReference; lastKnownFileType = file.storyboard; name = Base; path = Base.lproj/LaunchScreen.storyboard; sourceTree = "<group>"; };
		1CB8E410284DA5EB00474379 /* Info.plist */ = {isa = PBXFileReference; lastKnownFileType = text.plist.xml; path = Info.plist; sourceTree = "<group>"; };
		1CB8E415284DA5EB00474379 /* PokedexTests.xctest */ = {isa = PBXFileReference; explicitFileType = wrapper.cfbundle; includeInIndex = 0; path = PokedexTests.xctest; sourceTree = BUILT_PRODUCTS_DIR; };
		1CB8E419284DA5EB00474379 /* PokedexTests.swift */ = {isa = PBXFileReference; lastKnownFileType = sourcecode.swift; path = PokedexTests.swift; sourceTree = "<group>"; };
		1CB8E41F284DA5EC00474379 /* PokedexUITests.xctest */ = {isa = PBXFileReference; explicitFileType = wrapper.cfbundle; includeInIndex = 0; path = PokedexUITests.xctest; sourceTree = BUILT_PRODUCTS_DIR; };
		1CB8E423284DA5EC00474379 /* PokedexUITests.swift */ = {isa = PBXFileReference; lastKnownFileType = sourcecode.swift; path = PokedexUITests.swift; sourceTree = "<group>"; };
		1CB8E425284DA5EC00474379 /* PokedexUITestsLaunchTests.swift */ = {isa = PBXFileReference; lastKnownFileType = sourcecode.swift; path = PokedexUITestsLaunchTests.swift; sourceTree = "<group>"; };
		1CB8E433284DA7C600474379 /* Pekemon.swift */ = {isa = PBXFileReference; lastKnownFileType = sourcecode.swift; path = Pekemon.swift; sourceTree = "<group>"; };
/* End PBXFileReference section */

/* Begin PBXFrameworksBuildPhase section */
		1CB8E3FC284DA5E900474379 /* Frameworks */ = {
			isa = PBXFrameworksBuildPhase;
			buildActionMask = 2147483647;
			files = (
			);
			runOnlyForDeploymentPostprocessing = 0;
		};
		1CB8E412284DA5EB00474379 /* Frameworks */ = {
			isa = PBXFrameworksBuildPhase;
			buildActionMask = 2147483647;
			files = (
			);
			runOnlyForDeploymentPostprocessing = 0;
		};
		1CB8E41C284DA5EC00474379 /* Frameworks */ = {
			isa = PBXFrameworksBuildPhase;
			buildActionMask = 2147483647;
			files = (
			);
			runOnlyForDeploymentPostprocessing = 0;
		};
/* End PBXFrameworksBuildPhase section */

/* Begin PBXGroup section */
		1C269F95284DADD2007D2ED7 /* ViewController */ = {
			isa = PBXGroup;
			children = (
				1C269F96284DADF8007D2ED7 /* PokemonViewController.swift */,
			);
			path = ViewController;
			sourceTree = "<group>";
		};
		1CB8E3F6284DA5E900474379 = {
			isa = PBXGroup;
			children = (
				1CB8E401284DA5E900474379 /* Pokedex */,
				1CB8E418284DA5EB00474379 /* PokedexTests */,
				1CB8E422284DA5EC00474379 /* PokedexUITests */,
				1CB8E400284DA5E900474379 /* Products */,
			);
			sourceTree = "<group>";
		};
		1CB8E400284DA5E900474379 /* Products */ = {
			isa = PBXGroup;
			children = (
				1CB8E3FF284DA5E900474379 /* Pokedex.app */,
				1CB8E415284DA5EB00474379 /* PokedexTests.xctest */,
				1CB8E41F284DA5EC00474379 /* PokedexUITests.xctest */,
			);
			name = Products;
			sourceTree = "<group>";
		};
		1CB8E401284DA5E900474379 /* Pokedex */ = {
			isa = PBXGroup;
			children = (
				1C269F95284DADD2007D2ED7 /* ViewController */,
				1CB8E432284DA7B100474379 /* Model */,
				1CB8E402284DA5E900474379 /* AppDelegate.swift */,
				1CB8E404284DA5E900474379 /* SceneDelegate.swift */,
				1CB8E406284DA5E900474379 /* ViewController.swift */,
				1CB8E408284DA5E900474379 /* Main.storyboard */,
				1CB8E40B284DA5EB00474379 /* Assets.xcassets */,
				1CB8E40D284DA5EB00474379 /* LaunchScreen.storyboard */,
				1CB8E410284DA5EB00474379 /* Info.plist */,
			);
			path = Pokedex;
			sourceTree = "<group>";
		};
		1CB8E418284DA5EB00474379 /* PokedexTests */ = {
			isa = PBXGroup;
			children = (
				1CB8E419284DA5EB00474379 /* PokedexTests.swift */,
			);
			path = PokedexTests;
			sourceTree = "<group>";
		};
		1CB8E422284DA5EC00474379 /* PokedexUITests */ = {
			isa = PBXGroup;
			children = (
				1CB8E423284DA5EC00474379 /* PokedexUITests.swift */,
				1CB8E425284DA5EC00474379 /* PokedexUITestsLaunchTests.swift */,
			);
			path = PokedexUITests;
			sourceTree = "<group>";
		};
		1CB8E432284DA7B100474379 /* Model */ = {
			isa = PBXGroup;
			children = (
				1CB8E433284DA7C600474379 /* Pekemon.swift */,
			);
			path = Model;
			sourceTree = "<group>";
		};
/* End PBXGroup section */

/* Begin PBXNativeTarget section */
		1CB8E3FE284DA5E900474379 /* Pokedex */ = {
			isa = PBXNativeTarget;
			buildConfigurationList = 1CB8E429284DA5EC00474379 /* Build configuration list for PBXNativeTarget "Pokedex" */;
			buildPhases = (
				1CB8E3FB284DA5E900474379 /* Sources */,
				1CB8E3FC284DA5E900474379 /* Frameworks */,
				1CB8E3FD284DA5E900474379 /* Resources */,
			);
			buildRules = (
			);
			dependencies = (
			);
			name = Pokedex;
			productName = Pokedex;
			productReference = 1CB8E3FF284DA5E900474379 /* Pokedex.app */;
			productType = "com.apple.product-type.application";
		};
		1CB8E414284DA5EB00474379 /* PokedexTests */ = {
			isa = PBXNativeTarget;
			buildConfigurationList = 1CB8E42C284DA5EC00474379 /* Build configuration list for PBXNativeTarget "PokedexTests" */;
			buildPhases = (
				1CB8E411284DA5EB00474379 /* Sources */,
				1CB8E412284DA5EB00474379 /* Frameworks */,
				1CB8E413284DA5EB00474379 /* Resources */,
			);
			buildRules = (
			);
			dependencies = (
				1CB8E417284DA5EB00474379 /* PBXTargetDependency */,
			);
			name = PokedexTests;
			productName = PokedexTests;
			productReference = 1CB8E415284DA5EB00474379 /* PokedexTests.xctest */;
			productType = "com.apple.product-type.bundle.unit-test";
		};
		1CB8E41E284DA5EC00474379 /* PokedexUITests */ = {
			isa = PBXNativeTarget;
			buildConfigurationList = 1CB8E42F284DA5EC00474379 /* Build configuration list for PBXNativeTarget "PokedexUITests" */;
			buildPhases = (
				1CB8E41B284DA5EC00474379 /* Sources */,
				1CB8E41C284DA5EC00474379 /* Frameworks */,
				1CB8E41D284DA5EC00474379 /* Resources */,
			);
			buildRules = (
			);
			dependencies = (
				1CB8E421284DA5EC00474379 /* PBXTargetDependency */,
			);
			name = PokedexUITests;
			productName = PokedexUITests;
			productReference = 1CB8E41F284DA5EC00474379 /* PokedexUITests.xctest */;
			productType = "com.apple.product-type.bundle.ui-testing";
		};
/* End PBXNativeTarget section */

/* Begin PBXProject section */
		1CB8E3F7284DA5E900474379 /* Project object */ = {
			isa = PBXProject;
			attributes = {
				BuildIndependentTargetsInParallel = 1;
				LastSwiftUpdateCheck = 1330;
				LastUpgradeCheck = 1330;
				TargetAttributes = {
					1CB8E3FE284DA5E900474379 = {
						CreatedOnToolsVersion = 13.3.1;
					};
					1CB8E414284DA5EB00474379 = {
						CreatedOnToolsVersion = 13.3.1;
						TestTargetID = 1CB8E3FE284DA5E900474379;
					};
					1CB8E41E284DA5EC00474379 = {
						CreatedOnToolsVersion = 13.3.1;
						TestTargetID = 1CB8E3FE284DA5E900474379;
					};
				};
			};
			buildConfigurationList = 1CB8E3FA284DA5E900474379 /* Build configuration list for PBXProject "Pokedex" */;
			compatibilityVersion = "Xcode 13.0";
			developmentRegion = en;
			hasScannedForEncodings = 0;
			knownRegions = (
				en,
				Base,
			);
			mainGroup = 1CB8E3F6284DA5E900474379;
			productRefGroup = 1CB8E400284DA5E900474379 /* Products */;
			projectDirPath = "";
			projectRoot = "";
			targets = (
				1CB8E3FE284DA5E900474379 /* Pokedex */,
				1CB8E414284DA5EB00474379 /* PokedexTests */,
				1CB8E41E284DA5EC00474379 /* PokedexUITests */,
			);
		};
/* End PBXProject section */

/* Begin PBXResourcesBuildPhase section */
		1CB8E3FD284DA5E900474379 /* Resources */ = {
			isa = PBXResourcesBuildPhase;
			buildActionMask = 2147483647;
			files = (
				1CB8E40F284DA5EB00474379 /* LaunchScreen.storyboard in Resources */,
				1CB8E40C284DA5EB00474379 /* Assets.xcassets in Resources */,
				1CB8E40A284DA5E900474379 /* Main.storyboard in Resources */,
			);
			runOnlyForDeploymentPostprocessing = 0;
		};
		1CB8E413284DA5EB00474379 /* Resources */ = {
			isa = PBXResourcesBuildPhase;
			buildActionMask = 2147483647;
			files = (
			);
			runOnlyForDeploymentPostprocessing = 0;
		};
		1CB8E41D284DA5EC00474379 /* Resources */ = {
			isa = PBXResourcesBuildPhase;
			buildActionMask = 2147483647;
			files = (
			);
			runOnlyForDeploymentPostprocessing = 0;
		};
/* End PBXResourcesBuildPhase section */

/* Begin PBXSourcesBuildPhase section */
		1CB8E3FB284DA5E900474379 /* Sources */ = {
			isa = PBXSourcesBuildPhase;
			buildActionMask = 2147483647;
			files = (
				1CB8E407284DA5E900474379 /* ViewController.swift in Sources */,
				1C269F97284DADF8007D2ED7 /* PokemonViewController.swift in Sources */,
				1CB8E403284DA5E900474379 /* AppDelegate.swift in Sources */,
				1CB8E405284DA5E900474379 /* SceneDelegate.swift in Sources */,
				1CB8E434284DA7C600474379 /* Pekemon.swift in Sources */,
			);
			runOnlyForDeploymentPostprocessing = 0;
		};
		1CB8E411284DA5EB00474379 /* Sources */ = {
			isa = PBXSourcesBuildPhase;
			buildActionMask = 2147483647;
			files = (
				1CB8E41A284DA5EB00474379 /* PokedexTests.swift in Sources */,
			);
			runOnlyForDeploymentPostprocessing = 0;
		};
		1CB8E41B284DA5EC00474379 /* Sources */ = {
			isa = PBXSourcesBuildPhase;
			buildActionMask = 2147483647;
			files = (
				1CB8E424284DA5EC00474379 /* PokedexUITests.swift in Sources */,
				1CB8E426284DA5EC00474379 /* PokedexUITestsLaunchTests.swift in Sources */,
			);
			runOnlyForDeploymentPostprocessing = 0;
		};
/* End PBXSourcesBuildPhase section */

/* Begin PBXTargetDependency section */
		1CB8E417284DA5EB00474379 /* PBXTargetDependency */ = {
			isa = PBXTargetDependency;
			target = 1CB8E3FE284DA5E900474379 /* Pokedex */;
			targetProxy = 1CB8E416284DA5EB00474379 /* PBXContainerItemProxy */;
		};
		1CB8E421284DA5EC00474379 /* PBXTargetDependency */ = {
			isa = PBXTargetDependency;
			target = 1CB8E3FE284DA5E900474379 /* Pokedex */;
			targetProxy = 1CB8E420284DA5EC00474379 /* PBXContainerItemProxy */;
		};
/* End PBXTargetDependency section */

/* Begin PBXVariantGroup section */
		1CB8E408284DA5E900474379 /* Main.storyboard */ = {
			isa = PBXVariantGroup;
			children = (
				1CB8E409284DA5E900474379 /* Base */,
			);
			name = Main.storyboard;
			sourceTree = "<group>";
		};
		1CB8E40D284DA5EB00474379 /* LaunchScreen.storyboard */ = {
			isa = PBXVariantGroup;
			children = (
				1CB8E40E284DA5EB00474379 /* Base */,
			);
			name = LaunchScreen.storyboard;
			sourceTree = "<group>";
		};
/* End PBXVariantGroup section */

/* Begin XCBuildConfiguration section */
		1CB8E427284DA5EC00474379 /* Debug */ = {
			isa = XCBuildConfiguration;
			buildSettings = {
				ALWAYS_SEARCH_USER_PATHS = NO;
				CLANG_ANALYZER_NONNULL = YES;
				CLANG_ANALYZER_NUMBER_OBJECT_CONVERSION = YES_AGGRESSIVE;
				CLANG_CXX_LANGUAGE_STANDARD = "gnu++17";
				CLANG_ENABLE_MODULES = YES;
				CLANG_ENABLE_OBJC_ARC = YES;
				CLANG_ENABLE_OBJC_WEAK = YES;
				CLANG_WARN_BLOCK_CAPTURE_AUTORELEASING = YES;
				CLANG_WARN_BOOL_CONVERSION = YES;
				CLANG_WARN_COMMA = YES;
				CLANG_WARN_CONSTANT_CONVERSION = YES;
				CLANG_WARN_DEPRECATED_OBJC_IMPLEMENTATIONS = YES;
				CLANG_WARN_DIRECT_OBJC_ISA_USAGE = YES_ERROR;
				CLANG_WARN_DOCUMENTATION_COMMENTS = YES;
				CLANG_WARN_EMPTY_BODY = YES;
				CLANG_WARN_ENUM_CONVERSION = YES;
				CLANG_WARN_INFINITE_RECURSION = YES;
				CLANG_WARN_INT_CONVERSION = YES;
				CLANG_WARN_NON_LITERAL_NULL_CONVERSION = YES;
				CLANG_WARN_OBJC_IMPLICIT_RETAIN_SELF = YES;
				CLANG_WARN_OBJC_LITERAL_CONVERSION = YES;
				CLANG_WARN_OBJC_ROOT_CLASS = YES_ERROR;
				CLANG_WARN_QUOTED_INCLUDE_IN_FRAMEWORK_HEADER = YES;
				CLANG_WARN_RANGE_LOOP_ANALYSIS = YES;
				CLANG_WARN_STRICT_PROTOTYPES = YES;
				CLANG_WARN_SUSPICIOUS_MOVE = YES;
				CLANG_WARN_UNGUARDED_AVAILABILITY = YES_AGGRESSIVE;
				CLANG_WARN_UNREACHABLE_CODE = YES;
				CLANG_WARN__DUPLICATE_METHOD_MATCH = YES;
				COPY_PHASE_STRIP = NO;
				DEBUG_INFORMATION_FORMAT = dwarf;
				ENABLE_STRICT_OBJC_MSGSEND = YES;
				ENABLE_TESTABILITY = YES;
				GCC_C_LANGUAGE_STANDARD = gnu11;
				GCC_DYNAMIC_NO_PIC = NO;
				GCC_NO_COMMON_BLOCKS = YES;
				GCC_OPTIMIZATION_LEVEL = 0;
				GCC_PREPROCESSOR_DEFINITIONS = (
					"DEBUG=1",
					"$(inherited)",
				);
				GCC_WARN_64_TO_32_BIT_CONVERSION = YES;
				GCC_WARN_ABOUT_RETURN_TYPE = YES_ERROR;
				GCC_WARN_UNDECLARED_SELECTOR = YES;
				GCC_WARN_UNINITIALIZED_AUTOS = YES_AGGRESSIVE;
				GCC_WARN_UNUSED_FUNCTION = YES;
				GCC_WARN_UNUSED_VARIABLE = YES;
				IPHONEOS_DEPLOYMENT_TARGET = 15.4;
				MTL_ENABLE_DEBUG_INFO = INCLUDE_SOURCE;
				MTL_FAST_MATH = YES;
				ONLY_ACTIVE_ARCH = YES;
				SDKROOT = iphoneos;
				SWIFT_ACTIVE_COMPILATION_CONDITIONS = DEBUG;
				SWIFT_OPTIMIZATION_LEVEL = "-Onone";
			};
			name = Debug;
		};
		1CB8E428284DA5EC00474379 /* Release */ = {
			isa = XCBuildConfiguration;
			buildSettings = {
				ALWAYS_SEARCH_USER_PATHS = NO;
				CLANG_ANALYZER_NONNULL = YES;
				CLANG_ANALYZER_NUMBER_OBJECT_CONVERSION = YES_AGGRESSIVE;
				CLANG_CXX_LANGUAGE_STANDARD = "gnu++17";
				CLANG_ENABLE_MODULES = YES;
				CLANG_ENABLE_OBJC_ARC = YES;
				CLANG_ENABLE_OBJC_WEAK = YES;
				CLANG_WARN_BLOCK_CAPTURE_AUTORELEASING = YES;
				CLANG_WARN_BOOL_CONVERSION = YES;
				CLANG_WARN_COMMA = YES;
				CLANG_WARN_CONSTANT_CONVERSION = YES;
				CLANG_WARN_DEPRECATED_OBJC_IMPLEMENTATIONS = YES;
				CLANG_WARN_DIRECT_OBJC_ISA_USAGE = YES_ERROR;
				CLANG_WARN_DOCUMENTATION_COMMENTS = YES;
				CLANG_WARN_EMPTY_BODY = YES;
				CLANG_WARN_ENUM_CONVERSION = YES;
				CLANG_WARN_INFINITE_RECURSION = YES;
				CLANG_WARN_INT_CONVERSION = YES;
				CLANG_WARN_NON_LITERAL_NULL_CONVERSION = YES;
				CLANG_WARN_OBJC_IMPLICIT_RETAIN_SELF = YES;
				CLANG_WARN_OBJC_LITERAL_CONVERSION = YES;
				CLANG_WARN_OBJC_ROOT_CLASS = YES_ERROR;
				CLANG_WARN_QUOTED_INCLUDE_IN_FRAMEWORK_HEADER = YES;
				CLANG_WARN_RANGE_LOOP_ANALYSIS = YES;
				CLANG_WARN_STRICT_PROTOTYPES = YES;
				CLANG_WARN_SUSPICIOUS_MOVE = YES;
				CLANG_WARN_UNGUARDED_AVAILABILITY = YES_AGGRESSIVE;
				CLANG_WARN_UNREACHABLE_CODE = YES;
				CLANG_WARN__DUPLICATE_METHOD_MATCH = YES;
				COPY_PHASE_STRIP = NO;
				DEBUG_INFORMATION_FORMAT = "dwarf-with-dsym";
				ENABLE_NS_ASSERTIONS = NO;
				ENABLE_STRICT_OBJC_MSGSEND = YES;
				GCC_C_LANGUAGE_STANDARD = gnu11;
				GCC_NO_COMMON_BLOCKS = YES;
				GCC_WARN_64_TO_32_BIT_CONVERSION = YES;
				GCC_WARN_ABOUT_RETURN_TYPE = YES_ERROR;
				GCC_WARN_UNDECLARED_SELECTOR = YES;
				GCC_WARN_UNINITIALIZED_AUTOS = YES_AGGRESSIVE;
				GCC_WARN_UNUSED_FUNCTION = YES;
				GCC_WARN_UNUSED_VARIABLE = YES;
				IPHONEOS_DEPLOYMENT_TARGET = 15.4;
				MTL_ENABLE_DEBUG_INFO = NO;
				MTL_FAST_MATH = YES;
				SDKROOT = iphoneos;
				SWIFT_COMPILATION_MODE = wholemodule;
				SWIFT_OPTIMIZATION_LEVEL = "-O";
				VALIDATE_PRODUCT = YES;
			};
			name = Release;
		};
		1CB8E42A284DA5EC00474379 /* Debug */ = {
			isa = XCBuildConfiguration;
			buildSettings = {
				ASSETCATALOG_COMPILER_APPICON_NAME = AppIcon;
				ASSETCATALOG_COMPILER_GLOBAL_ACCENT_COLOR_NAME = AccentColor;
				CODE_SIGN_STYLE = Automatic;
				CURRENT_PROJECT_VERSION = 1;
				GENERATE_INFOPLIST_FILE = YES;
				INFOPLIST_FILE = Pokedex/Info.plist;
				INFOPLIST_KEY_UIApplicationSupportsIndirectInputEvents = YES;
				INFOPLIST_KEY_UILaunchStoryboardName = LaunchScreen;
				INFOPLIST_KEY_UIMainStoryboardFile = Main;
				INFOPLIST_KEY_UISupportedInterfaceOrientations_iPad = "UIInterfaceOrientationPortrait UIInterfaceOrientationPortraitUpsideDown UIInterfaceOrientationLandscapeLeft UIInterfaceOrientationLandscapeRight";
				INFOPLIST_KEY_UISupportedInterfaceOrientations_iPhone = "UIInterfaceOrientationPortrait UIInterfaceOrientationLandscapeLeft UIInterfaceOrientationLandscapeRight";
				LD_RUNPATH_SEARCH_PATHS = (
					"$(inherited)",
					"@executable_path/Frameworks",
				);
				MARKETING_VERSION = 1.0;
				PRODUCT_BUNDLE_IDENTIFIER = com.example.Pokedex;
				PRODUCT_NAME = "$(TARGET_NAME)";
				SWIFT_EMIT_LOC_STRINGS = YES;
				SWIFT_VERSION = 5.0;
				TARGETED_DEVICE_FAMILY = "1,2";
			};
			name = Debug;
		};
		1CB8E42B284DA5EC00474379 /* Release */ = {
			isa = XCBuildConfiguration;
			buildSettings = {
				ASSETCATALOG_COMPILER_APPICON_NAME = AppIcon;
				ASSETCATALOG_COMPILER_GLOBAL_ACCENT_COLOR_NAME = AccentColor;
				CODE_SIGN_STYLE = Automatic;
				CURRENT_PROJECT_VERSION = 1;
				GENERATE_INFOPLIST_FILE = YES;
				INFOPLIST_FILE = Pokedex/Info.plist;
				INFOPLIST_KEY_UIApplicationSupportsIndirectInputEvents = YES;
				INFOPLIST_KEY_UILaunchStoryboardName = LaunchScreen;
				INFOPLIST_KEY_UIMainStoryboardFile = Main;
				INFOPLIST_KEY_UISupportedInterfaceOrientations_iPad = "UIInterfaceOrientationPortrait UIInterfaceOrientationPortraitUpsideDown UIInterfaceOrientationLandscapeLeft UIInterfaceOrientationLandscapeRight";
				INFOPLIST_KEY_UISupportedInterfaceOrientations_iPhone = "UIInterfaceOrientationPortrait UIInterfaceOrientationLandscapeLeft UIInterfaceOrientationLandscapeRight";
				LD_RUNPATH_SEARCH_PATHS = (
					"$(inherited)",
					"@executable_path/Frameworks",
				);
				MARKETING_VERSION = 1.0;
				PRODUCT_BUNDLE_IDENTIFIER = com.example.Pokedex;
				PRODUCT_NAME = "$(TARGET_NAME)";
				SWIFT_EMIT_LOC_STRINGS = YES;
				SWIFT_VERSION = 5.0;
				TARGETED_DEVICE_FAMILY = "1,2";
			};
			name = Release;
		};
		1CB8E42D284DA5EC00474379 /* Debug */ = {
			isa = XCBuildConfiguration;
			buildSettings = {
				ALWAYS_EMBED_SWIFT_STANDARD_LIBRARIES = YES;
				BUNDLE_LOADER = "$(TEST_HOST)";
				CODE_SIGN_STYLE = Automatic;
				CURRENT_PROJECT_VERSION = 1;
				GENERATE_INFOPLIST_FILE = YES;
				IPHONEOS_DEPLOYMENT_TARGET = 15.4;
				MARKETING_VERSION = 1.0;
				PRODUCT_BUNDLE_IDENTIFIER = com.example.PokedexTests;
				PRODUCT_NAME = "$(TARGET_NAME)";
				SWIFT_EMIT_LOC_STRINGS = NO;
				SWIFT_VERSION = 5.0;
				TARGETED_DEVICE_FAMILY = "1,2";
				TEST_HOST = "$(BUILT_PRODUCTS_DIR)/Pokedex.app/Pokedex";
			};
			name = Debug;
		};
		1CB8E42E284DA5EC00474379 /* Release */ = {
			isa = XCBuildConfiguration;
			buildSettings = {
				ALWAYS_EMBED_SWIFT_STANDARD_LIBRARIES = YES;
				BUNDLE_LOADER = "$(TEST_HOST)";
				CODE_SIGN_STYLE = Automatic;
				CURRENT_PROJECT_VERSION = 1;
				GENERATE_INFOPLIST_FILE = YES;
				IPHONEOS_DEPLOYMENT_TARGET = 15.4;
				MARKETING_VERSION = 1.0;
				PRODUCT_BUNDLE_IDENTIFIER = com.example.PokedexTests;
				PRODUCT_NAME = "$(TARGET_NAME)";
				SWIFT_EMIT_LOC_STRINGS = NO;
				SWIFT_VERSION = 5.0;
				TARGETED_DEVICE_FAMILY = "1,2";
				TEST_HOST = "$(BUILT_PRODUCTS_DIR)/Pokedex.app/Pokedex";
			};
			name = Release;
		};
		1CB8E430284DA5EC00474379 /* Debug */ = {
			isa = XCBuildConfiguration;
			buildSettings = {
				ALWAYS_EMBED_SWIFT_STANDARD_LIBRARIES = YES;
				CODE_SIGN_STYLE = Automatic;
				CURRENT_PROJECT_VERSION = 1;
				GENERATE_INFOPLIST_FILE = YES;
				MARKETING_VERSION = 1.0;
				PRODUCT_BUNDLE_IDENTIFIER = com.example.PokedexUITests;
				PRODUCT_NAME = "$(TARGET_NAME)";
				SWIFT_EMIT_LOC_STRINGS = NO;
				SWIFT_VERSION = 5.0;
				TARGETED_DEVICE_FAMILY = "1,2";
				TEST_TARGET_NAME = Pokedex;
			};
			name = Debug;
		};
		1CB8E431284DA5EC00474379 /* Release */ = {
			isa = XCBuildConfiguration;
			buildSettings = {
				ALWAYS_EMBED_SWIFT_STANDARD_LIBRARIES = YES;
				CODE_SIGN_STYLE = Automatic;
				CURRENT_PROJECT_VERSION = 1;
				GENERATE_INFOPLIST_FILE = YES;
				MARKETING_VERSION = 1.0;
				PRODUCT_BUNDLE_IDENTIFIER = com.example.PokedexUITests;
				PRODUCT_NAME = "$(TARGET_NAME)";
				SWIFT_EMIT_LOC_STRINGS = NO;
				SWIFT_VERSION = 5.0;
				TARGETED_DEVICE_FAMILY = "1,2";
				TEST_TARGET_NAME = Pokedex;
			};
			name = Release;
		};
/* End XCBuildConfiguration section */

/* Begin XCConfigurationList section */
		1CB8E3FA284DA5E900474379 /* Build configuration list for PBXProject "Pokedex" */ = {
			isa = XCConfigurationList;
			buildConfigurations = (
				1CB8E427284DA5EC00474379 /* Debug */,
				1CB8E428284DA5EC00474379 /* Release */,
			);
			defaultConfigurationIsVisible = 0;
			defaultConfigurationName = Release;
		};
		1CB8E429284DA5EC00474379 /* Build configuration list for PBXNativeTarget "Pokedex" */ = {
			isa = XCConfigurationList;
			buildConfigurations = (
				1CB8E42A284DA5EC00474379 /* Debug */,
				1CB8E42B284DA5EC00474379 /* Release */,
			);
			defaultConfigurationIsVisible = 0;
			defaultConfigurationName = Release;
		};
		1CB8E42C284DA5EC00474379 /* Build configuration list for PBXNativeTarget "PokedexTests" */ = {
			isa = XCConfigurationList;
			buildConfigurations = (
				1CB8E42D284DA5EC00474379 /* Debug */,
				1CB8E42E284DA5EC00474379 /* Release */,
			);
			defaultConfigurationIsVisible = 0;
			defaultConfigurationName = Release;
		};
		1CB8E42F284DA5EC00474379 /* Build configuration list for PBXNativeTarget "PokedexUITests" */ = {
			isa = XCConfigurationList;
			buildConfigurations = (
				1CB8E430284DA5EC00474379 /* Debug */,
				1CB8E431284DA5EC00474379 /* Release */,
			);
			defaultConfigurationIsVisible = 0;
			defaultConfigurationName = Release;
		};
/* End XCConfigurationList section */
	};
	rootObject = 1CB8E3F7284DA5E900474379 /* Project object */;
}
